
Microsoft Visual Studio Solution File, Format Version 11.00
# Visual Studio 2010
Project("{8BC9CEB8-8B4A-11D0-8D11-00A0C91BC942}") = "yuvplayer", "yuvplayer\yuvplayer.vcxproj", "{5135A4A2-E648-4D63-8A62-D96FBC424788}"
EndProject
Global
	GlobalSection(SolutionConfigurationPlatforms) = preSolution
		Debug|Win32 = Debug|Win32
		Release|Win32 = Release|Win32
	EndGlobalSection
	GlobalSection(ProjectConfigurationPlatforms) = postSolution
		{5135A4A2-E648-4D63-8A62-D96FBC424788}.Debug|Win32.ActiveCfg = Debug|Win32
		{5135A4A2-E648-4D63-8A62-D96FBC424788}.Debug|Win32.Build.0 = Debug|Win32
		{5135A4A2-E648-4D63-8A62-D96FBC424788}.Release|Win32.ActiveCfg = Release|Win32
		{5135A4A2-E648-4D63-8A62-D96FBC424788}.Release|Win32.Build.0 = Release|Win32
	EndGlobalSection
	GlobalSection(SolutionProperties) = preSolution
		HideSolutionNode = FALSE
	EndGlobalSection
EndGlobal
